
Microsoft Visual Studio Solution File, Format Version 12.00
# Visual Studio 2012
Project("{F184B08F-C81C-45F6-A57F-5ABD9991F28F}") = "Hotel_Management_System", "Hotel_Management_System\Hotel_Management_System.vbproj", "{E691D062-DA43-462C-B386-9B4D1D68DD0B}"
EndProject
Global
	GlobalSection(SolutionConfigurationPlatforms) = preSolution
		Debug|Any CPU = Debug|Any CPU
		Release|Any CPU = Release|Any CPU
	EndGlobalSection
	GlobalSection(ProjectConfigurationPlatforms) = postSolution
		{E691D062-DA43-462C-B386-9B4D1D68DD0B}.Debug|Any CPU.ActiveCfg = Debug|Any CPU
		{E691D062-DA43-462C-B386-9B4D1D68DD0B}.Debug|Any CPU.Build.0 = Debug|Any CPU
		{E691D062-DA43-462C-B386-9B4D1D68DD0B}.Release|Any CPU.ActiveCfg = Release|Any CPU
		{E691D062-DA43-462C-B386-9B4D1D68DD0B}.Release|Any CPU.Build.0 = Release|Any CPU
	EndGlobalSection
	GlobalSection(SolutionProperties) = preSolution
		HideSolutionNode = FALSE
	EndGlobalSection
EndGlobal
